<?xml version="1.0" encoding="UTF-8" standalone="yes" ?>
<CodeBlocks_project_file>
	<FileVersion major="1" minor="6" />
	<Project>
		<Option title="lirc_sunxi_rewrite" />
		<Option makefile_is_custom="1" />
		<Option pch_mode="2" />
		<Option compiler="null" />
		<MakeCommands>
			<Build command="$make -j 2" />
			<CompileFile command="" />
			<Clean command="" />
			<DistClean command="$make -f $makefile distclean$target" />
			<AskRebuildNeeded command="" />
			<SilentBuild command="$make -j 2 &gt; $(CMD_NULL)" />
		</MakeCommands>
		<Build>
			<Target title="Debug">
				<Option output="bin/Debug/lirc_sunxi_rewrite" prefix_auto="1" extension_auto="1" />
				<Option object_output="obj/Debug/" />
				<Option type="1" />
				<Option compiler="arm-elf-gcc" />
				<Compiler>
					<Add option="-g" />
				</Compiler>
				<ExtraCommands>
					<Add after="scp sunxi_lirc_new.ko cubie@cubietruck:sunxi_lirc_new.ko" />
				</ExtraCommands>
				<MakeCommands>
					<Build command="$make -j$(nproc) " />
					<CompileFile command="" />
					<Clean command="" />
					<DistClean command="$make -f $makefile distclean$target" />
					<AskRebuildNeeded command="" />
					<SilentBuild command="$make -j$(nproc)  &gt; $(CMD_NULL)" />
				</MakeCommands>
			</Target>
			<Target title="Release">
				<Option output="bin/Release/lirc_sunxi_rewrite" prefix_auto="1" extension_auto="1" />
				<Option object_output="obj/Release/" />
				<Option type="1" />
				<Option compiler="null" />
				<Compiler>
					<Add option="-O2" />
				</Compiler>
				<Linker>
					<Add option="-s" />
				</Linker>
			</Target>
		</Build>
		<Compiler>
			<Add option="-Wall" />
		</Compiler>
		<Unit filename="../output/linux-sunxi/include/media/lirc.h" />
		<Unit filename="../output/linux-sunxi/include/media/lirc_dev.h" />
		<Unit filename="sunxi_lirc_new.c">
			<Option compilerVar="CC" />
		</Unit>
		<Unit filename="sunxi_lirc_new.h" />
		<Extensions>
			<code_completion>
				<search_path add="/media/ubuntu/SUNXI/linux-sunxi/" />
				<search_path add="/home/damien/output/linux-sunxi" />
			</code_completion>
			<debugger />
		</Extensions>
	</Project>
</CodeBlocks_project_file>
